
Microsoft Visual Studio Solution File, Format Version 12.00
# Visual Studio 15
Project("{FAE04EC0-301F-11D3-BF4B-00C04F79EFBC}") = "Assembly-CSharp", "Assembly-CSharp.csproj", "{37588C16-F4B1-0FDC-A1A0-9F6F79BD3581}"
EndProject
Project("{FAE04EC0-301F-11D3-BF4B-00C04F79EFBC}") = "Assembly-CSharp-Editor", "Assembly-CSharp-Editor.csproj", "{24D716A4-CFD3-4446-74F1-700C2BAE6700}"
EndProject
Global
	GlobalSection(SolutionConfigurationPlatforms) = preSolution
		Debug|Any CPU = Debug|Any CPU
		Release|Any CPU = Release|Any CPU
	EndGlobalSection
	GlobalSection(ProjectConfigurationPlatforms) = postSolution
		{37588C16-F4B1-0FDC-A1A0-9F6F79BD3581}.Debug|Any CPU.ActiveCfg = Debug|Any CPU
		{37588C16-F4B1-0FDC-A1A0-9F6F79BD3581}.Debug|Any CPU.Build.0 = Debug|Any CPU
		{37588C16-F4B1-0FDC-A1A0-9F6F79BD3581}.Release|Any CPU.ActiveCfg = Release|Any CPU
		{37588C16-F4B1-0FDC-A1A0-9F6F79BD3581}.Release|Any CPU.Build.0 = Release|Any CPU
		{24D716A4-CFD3-4446-74F1-700C2BAE6700}.Debug|Any CPU.ActiveCfg = Debug|Any CPU
		{24D716A4-CFD3-4446-74F1-700C2BAE6700}.Debug|Any CPU.Build.0 = Debug|Any CPU
		{24D716A4-CFD3-4446-74F1-700C2BAE6700}.Release|Any CPU.ActiveCfg = Release|Any CPU
		{24D716A4-CFD3-4446-74F1-700C2BAE6700}.Release|Any CPU.Build.0 = Release|Any CPU
	EndGlobalSection
	GlobalSection(SolutionProperties) = preSolution
		HideSolutionNode = FALSE
	EndGlobalSection
EndGlobal
